// !$*UTF8*$!
{
	archiveVersion = 1;
	classes = {
	};
	objectVersion = 46;
	objects = {

/* Begin PBXBuildFile section */
		615CFB1819B04458007E3574 /* Foundation.framework in Frameworks */ = {isa = PBXBuildFile; fileRef = 615CFB1719B04458007E3574 /* Foundation.framework */; };
		615CFB1A19B04458007E3574 /* CoreGraphics.framework in Frameworks */ = {isa = PBXBuildFile; fileRef = 615CFB1919B04458007E3574 /* CoreGraphics.framework */; };
		615CFB1C19B04458007E3574 /* UIKit.framework in Frameworks */ = {isa = PBXBuildFile; fileRef = 615CFB1B19B04458007E3574 /* UIKit.framework */; };
		615CFB2219B04458007E3574 /* InfoPlist.strings in Resources */ = {isa = PBXBuildFile; fileRef = 615CFB2019B04458007E3574 /* InfoPlist.strings */; };
		615CFB2419B04458007E3574 /* main.m in Sources */ = {isa = PBXBuildFile; fileRef = 615CFB2319B04458007E3574 /* main.m */; };
		615CFB2819B04458007E3574 /* AppDelegate.m in Sources */ = {isa = PBXBuildFile; fileRef = 615CFB2719B04458007E3574 /* AppDelegate.m */; };
		615CFB2A19B04458007E3574 /* Images.xcassets in Resources */ = {isa = PBXBuildFile; fileRef = 615CFB2919B04458007E3574 /* Images.xcassets */; };
		615CFB3119B04459007E3574 /* XCTest.framework in Frameworks */ = {isa = PBXBuildFile; fileRef = 615CFB3019B04459007E3574 /* XCTest.framework */; };
		615CFB3219B04459007E3574 /* Foundation.framework in Frameworks */ = {isa = PBXBuildFile; fileRef = 615CFB1719B04458007E3574 /* Foundation.framework */; };
		615CFB3319B04459007E3574 /* UIKit.framework in Frameworks */ = {isa = PBXBuildFile; fileRef = 615CFB1B19B04458007E3574 /* UIKit.framework */; };
		615CFB3B19B04459007E3574 /* InfoPlist.strings in Resources */ = {isa = PBXBuildFile; fileRef = 615CFB3919B04459007E3574 /* InfoPlist.strings */; };
		615CFB3D19B04459007E3574 /* JewelryTradePlateformTests.m in Sources */ = {isa = PBXBuildFile; fileRef = 615CFB3C19B04459007E3574 /* JewelryTradePlateformTests.m */; };
		615CFB4B19B047FB007E3574 /* WelcomeViewController.m in Sources */ = {isa = PBXBuildFile; fileRef = 615CFB4A19B047FB007E3574 /* WelcomeViewController.m */; };
		615CFB4E19B05820007E3574 /* MainViewController.m in Sources */ = {isa = PBXBuildFile; fileRef = 615CFB4D19B05820007E3574 /* MainViewController.m */; };
		619A12F319B191A200812966 /* View.xib in Resources */ = {isa = PBXBuildFile; fileRef = 619A12F219B191A200812966 /* View.xib */; };
		619A134E19B194D400812966 /* 1welcome.jpg in Resources */ = {isa = PBXBuildFile; fileRef = 619A133E19B194D400812966 /* 1welcome.jpg */; };
		619A134F19B194D400812966 /* 2.1.1.1chanpinfabu.jpg in Resources */ = {isa = PBXBuildFile; fileRef = 619A133F19B194D400812966 /* 2.1.1.1chanpinfabu.jpg */; };
		619A135019B194D400812966 /* 2.1.1shangjia.jpg in Resources */ = {isa = PBXBuildFile; fileRef = 619A134019B194D400812966 /* 2.1.1shangjia.jpg */; };
		619A135119B194D400812966 /* 2.1gonghuo.jpg in Resources */ = {isa = PBXBuildFile; fileRef = 619A134119B194D400812966 /* 2.1gonghuo.jpg */; };
		619A135219B194D400812966 /* 2.2.1maijia.jpg in Resources */ = {isa = PBXBuildFile; fileRef = 619A134219B194D400812966 /* 2.2.1maijia.jpg */; };
		619A135319B194D400812966 /* 2.2qiugou.jpg in Resources */ = {isa = PBXBuildFile; fileRef = 619A134319B194D400812966 /* 2.2qiugou.jpg */; };
		619A135419B194D400812966 /* 2.3gonghuoxiangqing.jpg in Resources */ = {isa = PBXBuildFile; fileRef = 619A134419B194D400812966 /* 2.3gonghuoxiangqing.jpg */; };
		619A135519B194D400812966 /* 2mainpage.jpg in Resources */ = {isa = PBXBuildFile; fileRef = 619A134519B194D400812966 /* 2mainpage.jpg */; };
		619A135619B194D400812966 /* 3.1sendmsg.jpg in Resources */ = {isa = PBXBuildFile; fileRef = 619A134619B194D400812966 /* 3.1sendmsg.jpg */; };
		619A135719B194D400812966 /* 3message.jpg in Resources */ = {isa = PBXBuildFile; fileRef = 619A134719B194D400812966 /* 3message.jpg */; };
		619A135819B194D400812966 /* 4.1.1login.jpg in Resources */ = {isa = PBXBuildFile; fileRef = 619A134819B194D400812966 /* 4.1.1login.jpg */; };
		619A135919B194D400812966 /* 4.1guangchangfabu.jpg in Resources */ = {isa = PBXBuildFile; fileRef = 619A134919B194D400812966 /* 4.1guangchangfabu.jpg */; };
		619A135A19B194D400812966 /* 4.2guangchangxiangxi.jpg in Resources */ = {isa = PBXBuildFile; fileRef = 619A134A19B194D400812966 /* 4.2guangchangxiangxi.jpg */; };
		619A135B19B194D400812966 /* 4guangchang.jpg in Resources */ = {isa = PBXBuildFile; fileRef = 619A134B19B194D400812966 /* 4guangchang.jpg */; };
		619A135C19B194D400812966 /* 5system.jpg in Resources */ = {isa = PBXBuildFile; fileRef = 619A134C19B194D400812966 /* 5system.jpg */; };
		619A135D19B194D400812966 /* 6setting.jpg in Resources */ = {isa = PBXBuildFile; fileRef = 619A134D19B194D400812966 /* 6setting.jpg */; };
		619A135F19B1961500812966 /* 72.jpg in Resources */ = {isa = PBXBuildFile; fileRef = 619A135E19B1961500812966 /* 72.jpg */; };
/* End PBXBuildFile section */

/* Begin PBXContainerItemProxy section */
		615CFB3419B04459007E3574 /* PBXContainerItemProxy */ = {
			isa = PBXContainerItemProxy;
			containerPortal = 615CFB0C19B04458007E3574 /* Project object */;
			proxyType = 1;
			remoteGlobalIDString = 615CFB1319B04458007E3574;
			remoteInfo = JewelryTradePlateform;
		};
/* End PBXContainerItemProxy section */

/* Begin PBXFileReference section */
		6157561419B1CC0400E9483A /* NotificationHeader.h */ = {isa = PBXFileReference; lastKnownFileType = sourcecode.c.h; path = NotificationHeader.h; sourceTree = "<group>"; };
		615CFB1419B04458007E3574 /* JewelryTradePlateform.app */ = {isa = PBXFileReference; explicitFileType = wrapper.application; includeInIndex = 0; path = JewelryTradePlateform.app; sourceTree = BUILT_PRODUCTS_DIR; };
		615CFB1719B04458007E3574 /* Foundation.framework */ = {isa = PBXFileReference; lastKnownFileType = wrapper.framework; name = Foundation.framework; path = System/Library/Frameworks/Foundation.framework; sourceTree = SDKROOT; };
		615CFB1919B04458007E3574 /* CoreGraphics.framework */ = {isa = PBXFileReference; lastKnownFileType = wrapper.framework; name = CoreGraphics.framework; path = System/Library/Frameworks/CoreGraphics.framework; sourceTree = SDKROOT; };
		615CFB1B19B04458007E3574 /* UIKit.framework */ = {isa = PBXFileReference; lastKnownFileType = wrapper.framework; name = UIKit.framework; path = System/Library/Frameworks/UIKit.framework; sourceTree = SDKROOT; };
		615CFB1F19B04458007E3574 /* JewelryTradePlateform-Info.plist */ = {isa = PBXFileReference; lastKnownFileType = text.plist.xml; path = "JewelryTradePlateform-Info.plist"; sourceTree = "<group>"; };
		615CFB2119B04458007E3574 /* en */ = {isa = PBXFileReference; lastKnownFileType = text.plist.strings; name = en; path = en.lproj/InfoPlist.strings; sourceTree = "<group>"; };
		615CFB2319B04458007E3574 /* main.m */ = {isa = PBXFileReference; lastKnownFileType = sourcecode.c.objc; path = main.m; sourceTree = "<group>"; };
		615CFB2519B04458007E3574 /* JewelryTradePlateform-Prefix.pch */ = {isa = PBXFileReference; lastKnownFileType = sourcecode.c.h; path = "JewelryTradePlateform-Prefix.pch"; sourceTree = "<group>"; };
		615CFB2619B04458007E3574 /* AppDelegate.h */ = {isa = PBXFileReference; lastKnownFileType = sourcecode.c.h; path = AppDelegate.h; sourceTree = "<group>"; };
		615CFB2719B04458007E3574 /* AppDelegate.m */ = {isa = PBXFileReference; lastKnownFileType = sourcecode.c.objc; path = AppDelegate.m; sourceTree = "<group>"; };
		615CFB2919B04458007E3574 /* Images.xcassets */ = {isa = PBXFileReference; lastKnownFileType = folder.assetcatalog; path = Images.xcassets; sourceTree = "<group>"; };
		615CFB2F19B04459007E3574 /* JewelryTradePlateformTests.xctest */ = {isa = PBXFileReference; explicitFileType = wrapper.cfbundle; includeInIndex = 0; path = JewelryTradePlateformTests.xctest; sourceTree = BUILT_PRODUCTS_DIR; };
		615CFB3019B04459007E3574 /* XCTest.framework */ = {isa = PBXFileReference; lastKnownFileType = wrapper.framework; name = XCTest.framework; path = Library/Frameworks/XCTest.framework; sourceTree = DEVELOPER_DIR; };
		615CFB3819B04459007E3574 /* JewelryTradePlateformTests-Info.plist */ = {isa = PBXFileReference; lastKnownFileType = text.plist.xml; path = "JewelryTradePlateformTests-Info.plist"; sourceTree = "<group>"; };
		615CFB3A19B04459007E3574 /* en */ = {isa = PBXFileReference; lastKnownFileType = text.plist.strings; name = en; path = en.lproj/InfoPlist.strings; sourceTree = "<group>"; };
		615CFB3C19B04459007E3574 /* JewelryTradePlateformTests.m */ = {isa = PBXFileReference; lastKnownFileType = sourcecode.c.objc; path = JewelryTradePlateformTests.m; sourceTree = "<group>"; };
		615CFB4919B047FB007E3574 /* WelcomeViewController.h */ = {isa = PBXFileReference; fileEncoding = 4; lastKnownFileType = sourcecode.c.h; path = WelcomeViewController.h; sourceTree = "<group>"; };
		615CFB4A19B047FB007E3574 /* WelcomeViewController.m */ = {isa = PBXFileReference; fileEncoding = 4; lastKnownFileType = sourcecode.c.objc; path = WelcomeViewController.m; sourceTree = "<group>"; };
		615CFB4C19B05820007E3574 /* MainViewController.h */ = {isa = PBXFileReference; fileEncoding = 4; lastKnownFileType = sourcecode.c.h; path = MainViewController.h; sourceTree = "<group>"; };
		615CFB4D19B05820007E3574 /* MainViewController.m */ = {isa = PBXFileReference; fileEncoding = 4; lastKnownFileType = sourcecode.c.objc; path = MainViewController.m; sourceTree = "<group>"; };
		619A12F219B191A200812966 /* View.xib */ = {isa = PBXFileReference; fileEncoding = 4; lastKnownFileType = file.xib; path = View.xib; sourceTree = "<group>"; };
		619A133E19B194D400812966 /* 1welcome.jpg */ = {isa = PBXFileReference; lastKnownFileType = image.jpeg; path = 1welcome.jpg; sourceTree = "<group>"; };
		619A133F19B194D400812966 /* 2.1.1.1chanpinfabu.jpg */ = {isa = PBXFileReference; lastKnownFileType = image.jpeg; path = 2.1.1.1chanpinfabu.jpg; sourceTree = "<group>"; };
		619A134019B194D400812966 /* 2.1.1shangjia.jpg */ = {isa = PBXFileReference; lastKnownFileType = image.jpeg; path = 2.1.1shangjia.jpg; sourceTree = "<group>"; };
		619A134119B194D400812966 /* 2.1gonghuo.jpg */ = {isa = PBXFileReference; lastKnownFileType = image.jpeg; path = 2.1gonghuo.jpg; sourceTree = "<group>"; };
		619A134219B194D400812966 /* 2.2.1maijia.jpg */ = {isa = PBXFileReference; lastKnownFileType = image.jpeg; path = 2.2.1maijia.jpg; sourceTree = "<group>"; };
		619A134319B194D400812966 /* 2.2qiugou.jpg */ = {isa = PBXFileReference; lastKnownFileType = image.jpeg; path = 2.2qiugou.jpg; sourceTree = "<group>"; };
		619A134419B194D400812966 /* 2.3gonghuoxiangqing.jpg */ = {isa = PBXFileReference; lastKnownFileType = image.jpeg; path = 2.3gonghuoxiangqing.jpg; sourceTree = "<group>"; };
		619A134519B194D400812966 /* 2mainpage.jpg */ = {isa = PBXFileReference; lastKnownFileType = image.jpeg; path = 2mainpage.jpg; sourceTree = "<group>"; };
		619A134619B194D400812966 /* 3.1sendmsg.jpg */ = {isa = PBXFileReference; lastKnownFileType = image.jpeg; path = 3.1sendmsg.jpg; sourceTree = "<group>"; };
		619A134719B194D400812966 /* 3message.jpg */ = {isa = PBXFileReference; lastKnownFileType = image.jpeg; path = 3message.jpg; sourceTree = "<group>"; };
		619A134819B194D400812966 /* 4.1.1login.jpg */ = {isa = PBXFileReference; lastKnownFileType = image.jpeg; path = 4.1.1login.jpg; sourceTree = "<group>"; };
		619A134919B194D400812966 /* 4.1guangchangfabu.jpg */ = {isa = PBXFileReference; lastKnownFileType = image.jpeg; path = 4.1guangchangfabu.jpg; sourceTree = "<group>"; };
		619A134A19B194D400812966 /* 4.2guangchangxiangxi.jpg */ = {isa = PBXFileReference; lastKnownFileType = image.jpeg; path = 4.2guangchangxiangxi.jpg; sourceTree = "<group>"; };
		619A134B19B194D400812966 /* 4guangchang.jpg */ = {isa = PBXFileReference; lastKnownFileType = image.jpeg; path = 4guangchang.jpg; sourceTree = "<group>"; };
		619A134C19B194D400812966 /* 5system.jpg */ = {isa = PBXFileReference; lastKnownFileType = image.jpeg; path = 5system.jpg; sourceTree = "<group>"; };
		619A134D19B194D400812966 /* 6setting.jpg */ = {isa = PBXFileReference; lastKnownFileType = image.jpeg; path = 6setting.jpg; sourceTree = "<group>"; };
		619A135E19B1961500812966 /* 72.jpg */ = {isa = PBXFileReference; lastKnownFileType = image.jpeg; path = 72.jpg; sourceTree = "<group>"; };
/* End PBXFileReference section */

/* Begin PBXFrameworksBuildPhase section */
		615CFB1119B04458007E3574 /* Frameworks */ = {
			isa = PBXFrameworksBuildPhase;
			buildActionMask = 2147483647;
			files = (
				615CFB1A19B04458007E3574 /* CoreGraphics.framework in Frameworks */,
				615CFB1C19B04458007E3574 /* UIKit.framework in Frameworks */,
				615CFB1819B04458007E3574 /* Foundation.framework in Frameworks */,
			);
			runOnlyForDeploymentPostprocessing = 0;
		};
		615CFB2C19B04459007E3574 /* Frameworks */ = {
			isa = PBXFrameworksBuildPhase;
			buildActionMask = 2147483647;
			files = (
				615CFB3119B04459007E3574 /* XCTest.framework in Frameworks */,
				615CFB3319B04459007E3574 /* UIKit.framework in Frameworks */,
				615CFB3219B04459007E3574 /* Foundation.framework in Frameworks */,
			);
			runOnlyForDeploymentPostprocessing = 0;
		};
/* End PBXFrameworksBuildPhase section */

/* Begin PBXGroup section */
		615CFB0B19B04458007E3574 = {
			isa = PBXGroup;
			children = (
				619A133D19B194D400812966 /* image */,
				615CFB1D19B04458007E3574 /* JewelryTradePlateform */,
				615CFB3619B04459007E3574 /* JewelryTradePlateformTests */,
				615CFB1619B04458007E3574 /* Frameworks */,
				615CFB1519B04458007E3574 /* Products */,
			);
			sourceTree = "<group>";
		};
		615CFB1519B04458007E3574 /* Products */ = {
			isa = PBXGroup;
			children = (
				615CFB1419B04458007E3574 /* JewelryTradePlateform.app */,
				615CFB2F19B04459007E3574 /* JewelryTradePlateformTests.xctest */,
			);
			name = Products;
			sourceTree = "<group>";
		};
		615CFB1619B04458007E3574 /* Frameworks */ = {
			isa = PBXGroup;
			children = (
				615CFB1719B04458007E3574 /* Foundation.framework */,
				615CFB1919B04458007E3574 /* CoreGraphics.framework */,
				615CFB1B19B04458007E3574 /* UIKit.framework */,
				615CFB3019B04459007E3574 /* XCTest.framework */,
			);
			name = Frameworks;
			sourceTree = "<group>";
		};
		615CFB1D19B04458007E3574 /* JewelryTradePlateform */ = {
			isa = PBXGroup;
			children = (
				619A135E19B1961500812966 /* 72.jpg */,
				615CFB2619B04458007E3574 /* AppDelegate.h */,
				615CFB2719B04458007E3574 /* AppDelegate.m */,
				615CFB2919B04458007E3574 /* Images.xcassets */,
				615CFB1E19B04458007E3574 /* Supporting Files */,
				615CFB4919B047FB007E3574 /* WelcomeViewController.h */,
				615CFB4A19B047FB007E3574 /* WelcomeViewController.m */,
				615CFB4C19B05820007E3574 /* MainViewController.h */,
				615CFB4D19B05820007E3574 /* MainViewController.m */,
				619A12F219B191A200812966 /* View.xib */,
				6157561419B1CC0400E9483A /* NotificationHeader.h */,
			);
			path = JewelryTradePlateform;
			sourceTree = "<group>";
		};
		615CFB1E19B04458007E3574 /* Supporting Files */ = {
			isa = PBXGroup;
			children = (
				615CFB1F19B04458007E3574 /* JewelryTradePlateform-Info.plist */,
				615CFB2019B04458007E3574 /* InfoPlist.strings */,
				615CFB2319B04458007E3574 /* main.m */,
				615CFB2519B04458007E3574 /* JewelryTradePlateform-Prefix.pch */,
			);
			name = "Supporting Files";
			sourceTree = "<group>";
		};
		615CFB3619B04459007E3574 /* JewelryTradePlateformTests */ = {
			isa = PBXGroup;
			children = (
				615CFB3C19B04459007E3574 /* JewelryTradePlateformTests.m */,
				615CFB3719B04459007E3574 /* Supporting Files */,
			);
			path = JewelryTradePlateformTests;
			sourceTree = "<group>";
		};
		615CFB3719B04459007E3574 /* Supporting Files */ = {
			isa = PBXGroup;
			children = (
				615CFB3819B04459007E3574 /* JewelryTradePlateformTests-Info.plist */,
				615CFB3919B04459007E3574 /* InfoPlist.strings */,
			);
			name = "Supporting Files";
			sourceTree = "<group>";
		};
		619A133D19B194D400812966 /* image */ = {
			isa = PBXGroup;
			children = (
				619A133E19B194D400812966 /* 1welcome.jpg */,
				619A133F19B194D400812966 /* 2.1.1.1chanpinfabu.jpg */,
				619A134019B194D400812966 /* 2.1.1shangjia.jpg */,
				619A134119B194D400812966 /* 2.1gonghuo.jpg */,
				619A134219B194D400812966 /* 2.2.1maijia.jpg */,
				619A134319B194D400812966 /* 2.2qiugou.jpg */,
				619A134419B194D400812966 /* 2.3gonghuoxiangqing.jpg */,
				619A134519B194D400812966 /* 2mainpage.jpg */,
				619A134619B194D400812966 /* 3.1sendmsg.jpg */,
				619A134719B194D400812966 /* 3message.jpg */,
				619A134819B194D400812966 /* 4.1.1login.jpg */,
				619A134919B194D400812966 /* 4.1guangchangfabu.jpg */,
				619A134A19B194D400812966 /* 4.2guangchangxiangxi.jpg */,
				619A134B19B194D400812966 /* 4guangchang.jpg */,
				619A134C19B194D400812966 /* 5system.jpg */,
				619A134D19B194D400812966 /* 6setting.jpg */,
			);
			path = image;
			sourceTree = "<group>";
		};
/* End PBXGroup section */

/* Begin PBXNativeTarget section */
		615CFB1319B04458007E3574 /* JewelryTradePlateform */ = {
			isa = PBXNativeTarget;
			buildConfigurationList = 615CFB4019B04459007E3574 /* Build configuration list for PBXNativeTarget "JewelryTradePlateform" */;
			buildPhases = (
				615CFB1019B04458007E3574 /* Sources */,
				615CFB1119B04458007E3574 /* Frameworks */,
				615CFB1219B04458007E3574 /* Resources */,
			);
			buildRules = (
			);
			dependencies = (
			);
			name = JewelryTradePlateform;
			productName = JewelryTradePlateform;
			productReference = 615CFB1419B04458007E3574 /* JewelryTradePlateform.app */;
			productType = "com.apple.product-type.application";
		};
		615CFB2E19B04459007E3574 /* JewelryTradePlateformTests */ = {
			isa = PBXNativeTarget;
			buildConfigurationList = 615CFB4319B04459007E3574 /* Build configuration list for PBXNativeTarget "JewelryTradePlateformTests" */;
			buildPhases = (
				615CFB2B19B04459007E3574 /* Sources */,
				615CFB2C19B04459007E3574 /* Frameworks */,
				615CFB2D19B04459007E3574 /* Resources */,
			);
			buildRules = (
			);
			dependencies = (
				615CFB3519B04459007E3574 /* PBXTargetDependency */,
			);
			name = JewelryTradePlateformTests;
			productName = JewelryTradePlateformTests;
			productReference = 615CFB2F19B04459007E3574 /* JewelryTradePlateformTests.xctest */;
			productType = "com.apple.product-type.bundle.unit-test";
		};
/* End PBXNativeTarget section */

/* Begin PBXProject section */
		615CFB0C19B04458007E3574 /* Project object */ = {
			isa = PBXProject;
			attributes = {
				LastUpgradeCheck = 0510;
				ORGANIZATIONNAME = yangjz;
				TargetAttributes = {
					615CFB2E19B04459007E3574 = {
						TestTargetID = 615CFB1319B04458007E3574;
					};
				};
			};
			buildConfigurationList = 615CFB0F19B04458007E3574 /* Build configuration list for PBXProject "JewelryTradePlateform" */;
			compatibilityVersion = "Xcode 3.2";
			developmentRegion = English;
			hasScannedForEncodings = 0;
			knownRegions = (
				en,
			);
			mainGroup = 615CFB0B19B04458007E3574;
			productRefGroup = 615CFB1519B04458007E3574 /* Products */;
			projectDirPath = "";
			projectRoot = "";
			targets = (
				615CFB1319B04458007E3574 /* JewelryTradePlateform */,
				615CFB2E19B04459007E3574 /* JewelryTradePlateformTests */,
			);
		};
/* End PBXProject section */

/* Begin PBXResourcesBuildPhase section */
		615CFB1219B04458007E3574 /* Resources */ = {
			isa = PBXResourcesBuildPhase;
			buildActionMask = 2147483647;
			files = (
				619A135D19B194D400812966 /* 6setting.jpg in Resources */,
				619A134E19B194D400812966 /* 1welcome.jpg in Resources */,
				619A135519B194D400812966 /* 2mainpage.jpg in Resources */,
				619A135819B194D400812966 /* 4.1.1login.jpg in Resources */,
				619A135119B194D400812966 /* 2.1gonghuo.jpg in Resources */,
				619A135219B194D400812966 /* 2.2.1maijia.jpg in Resources */,
				619A134F19B194D400812966 /* 2.1.1.1chanpinfabu.jpg in Resources */,
				619A135C19B194D400812966 /* 5system.jpg in Resources */,
				619A135A19B194D400812966 /* 4.2guangchangxiangxi.jpg in Resources */,
				619A135B19B194D400812966 /* 4guangchang.jpg in Resources */,
				619A135F19B1961500812966 /* 72.jpg in Resources */,
				615CFB2219B04458007E3574 /* InfoPlist.strings in Resources */,
				619A135019B194D400812966 /* 2.1.1shangjia.jpg in Resources */,
				619A135719B194D400812966 /* 3message.jpg in Resources */,
				619A135419B194D400812966 /* 2.3gonghuoxiangqing.jpg in Resources */,
				619A135619B194D400812966 /* 3.1sendmsg.jpg in Resources */,
				619A135919B194D400812966 /* 4.1guangchangfabu.jpg in Resources */,
				619A12F319B191A200812966 /* View.xib in Resources */,
				615CFB2A19B04458007E3574 /* Images.xcassets in Resources */,
				619A135319B194D400812966 /* 2.2qiugou.jpg in Resources */,
			);
			runOnlyForDeploymentPostprocessing = 0;
		};
		615CFB2D19B04459007E3574 /* Resources */ = {
			isa = PBXResourcesBuildPhase;
			buildActionMask = 2147483647;
			files = (
				615CFB3B19B04459007E3574 /* InfoPlist.strings in Resources */,
			);
			runOnlyForDeploymentPostprocessing = 0;
		};
/* End PBXResourcesBuildPhase section */

/* Begin PBXSourcesBuildPhase section */
		615CFB1019B04458007E3574 /* Sources */ = {
			isa = PBXSourcesBuildPhase;
			buildActionMask = 2147483647;
			files = (
				615CFB2819B04458007E3574 /* AppDelegate.m in Sources */,
				615CFB2419B04458007E3574 /* main.m in Sources */,
				615CFB4B19B047FB007E3574 /* WelcomeViewController.m in Sources */,
				615CFB4E19B05820007E3574 /* MainViewController.m in Sources */,
			);
			runOnlyForDeploymentPostprocessing = 0;
		};
		615CFB2B19B04459007E3574 /* Sources */ = {
			isa = PBXSourcesBuildPhase;
			buildActionMask = 2147483647;
			files = (
				615CFB3D19B04459007E3574 /* JewelryTradePlateformTests.m in Sources */,
			);
			runOnlyForDeploymentPostprocessing = 0;
		};
/* End PBXSourcesBuildPhase section */

/* Begin PBXTargetDependency section */
		615CFB3519B04459007E3574 /* PBXTargetDependency */ = {
			isa = PBXTargetDependency;
			target = 615CFB1319B04458007E3574 /* JewelryTradePlateform */;
			targetProxy = 615CFB3419B04459007E3574 /* PBXContainerItemProxy */;
		};
/* End PBXTargetDependency section */

/* Begin PBXVariantGroup section */
		615CFB2019B04458007E3574 /* InfoPlist.strings */ = {
			isa = PBXVariantGroup;
			children = (
				615CFB2119B04458007E3574 /* en */,
			);
			name = InfoPlist.strings;
			sourceTree = "<group>";
		};
		615CFB3919B04459007E3574 /* InfoPlist.strings */ = {
			isa = PBXVariantGroup;
			children = (
				615CFB3A19B04459007E3574 /* en */,
			);
			name = InfoPlist.strings;
			sourceTree = "<group>";
		};
/* End PBXVariantGroup section */

/* Begin XCBuildConfiguration section */
		615CFB3E19B04459007E3574 /* Debug */ = {
			isa = XCBuildConfiguration;
			buildSettings = {
				ALWAYS_SEARCH_USER_PATHS = NO;
				CLANG_CXX_LANGUAGE_STANDARD = "gnu++0x";
				CLANG_CXX_LIBRARY = "libc++";
				CLANG_ENABLE_MODULES = YES;
				CLANG_ENABLE_OBJC_ARC = YES;
				CLANG_WARN_BOOL_CONVERSION = YES;
				CLANG_WARN_CONSTANT_CONVERSION = YES;
				CLANG_WARN_DIRECT_OBJC_ISA_USAGE = YES_ERROR;
				CLANG_WARN_EMPTY_BODY = YES;
				CLANG_WARN_ENUM_CONVERSION = YES;
				CLANG_WARN_INT_CONVERSION = YES;
				CLANG_WARN_OBJC_ROOT_CLASS = YES_ERROR;
				CLANG_WARN__DUPLICATE_METHOD_MATCH = YES;
				"CODE_SIGN_IDENTITY[sdk=iphoneos*]" = "iPhone Developer";
				COPY_PHASE_STRIP = NO;
				GCC_C_LANGUAGE_STANDARD = gnu99;
				GCC_DYNAMIC_NO_PIC = NO;
				GCC_OPTIMIZATION_LEVEL = 0;
				GCC_PREPROCESSOR_DEFINITIONS = (
					"DEBUG=1",
					"$(inherited)",
				);
				GCC_SYMBOLS_PRIVATE_EXTERN = NO;
				GCC_WARN_64_TO_32_BIT_CONVERSION = YES;
				GCC_WARN_ABOUT_RETURN_TYPE = YES_ERROR;
				GCC_WARN_UNDECLARED_SELECTOR = YES;
				GCC_WARN_UNINITIALIZED_AUTOS = YES_AGGRESSIVE;
				GCC_WARN_UNUSED_FUNCTION = YES;
				GCC_WARN_UNUSED_VARIABLE = YES;
				IPHONEOS_DEPLOYMENT_TARGET = 7.1;
				ONLY_ACTIVE_ARCH = YES;
				SDKROOT = iphoneos;
			};
			name = Debug;
		};
		615CFB3F19B04459007E3574 /* Release */ = {
			isa = XCBuildConfiguration;
			buildSettings = {
				ALWAYS_SEARCH_USER_PATHS = NO;
				CLANG_CXX_LANGUAGE_STANDARD = "gnu++0x";
				CLANG_CXX_LIBRARY = "libc++";
				CLANG_ENABLE_MODULES = YES;
				CLANG_ENABLE_OBJC_ARC = YES;
				CLANG_WARN_BOOL_CONVERSION = YES;
				CLANG_WARN_CONSTANT_CONVERSION = YES;
				CLANG_WARN_DIRECT_OBJC_ISA_USAGE = YES_ERROR;
				CLANG_WARN_EMPTY_BODY = YES;
				CLANG_WARN_ENUM_CONVERSION = YES;
				CLANG_WARN_INT_CONVERSION = YES;
				CLANG_WARN_OBJC_ROOT_CLASS = YES_ERROR;
				CLANG_WARN__DUPLICATE_METHOD_MATCH = YES;
				"CODE_SIGN_IDENTITY[sdk=iphoneos*]" = "iPhone Developer";
				COPY_PHASE_STRIP = YES;
				ENABLE_NS_ASSERTIONS = NO;
				GCC_C_LANGUAGE_STANDARD = gnu99;
				GCC_WARN_64_TO_32_BIT_CONVERSION = YES;
				GCC_WARN_ABOUT_RETURN_TYPE = YES_ERROR;
				GCC_WARN_UNDECLARED_SELECTOR = YES;
				GCC_WARN_UNINITIALIZED_AUTOS = YES_AGGRESSIVE;
				GCC_WARN_UNUSED_FUNCTION = YES;
				GCC_WARN_UNUSED_VARIABLE = YES;
				IPHONEOS_DEPLOYMENT_TARGET = 7.1;
				SDKROOT = iphoneos;
				VALIDATE_PRODUCT = YES;
			};
			name = Release;
		};
		615CFB4119B04459007E3574 /* Debug */ = {
			isa = XCBuildConfiguration;
			buildSettings = {
				ASSETCATALOG_COMPILER_APPICON_NAME = AppIcon;
				ASSETCATALOG_COMPILER_LAUNCHIMAGE_NAME = LaunchImage;
				GCC_PRECOMPILE_PREFIX_HEADER = YES;
				GCC_PREFIX_HEADER = "JewelryTradePlateform/JewelryTradePlateform-Prefix.pch";
				INFOPLIST_FILE = "JewelryTradePlateform/JewelryTradePlateform-Info.plist";
				PRODUCT_NAME = "$(TARGET_NAME)";
				WRAPPER_EXTENSION = app;
			};
			name = Debug;
		};
		615CFB4219B04459007E3574 /* Release */ = {
			isa = XCBuildConfiguration;
			buildSettings = {
				ASSETCATALOG_COMPILER_APPICON_NAME = AppIcon;
				ASSETCATALOG_COMPILER_LAUNCHIMAGE_NAME = LaunchImage;
				GCC_PRECOMPILE_PREFIX_HEADER = YES;
				GCC_PREFIX_HEADER = "JewelryTradePlateform/JewelryTradePlateform-Prefix.pch";
				INFOPLIST_FILE = "JewelryTradePlateform/JewelryTradePlateform-Info.plist";
				PRODUCT_NAME = "$(TARGET_NAME)";
				WRAPPER_EXTENSION = app;
			};
			name = Release;
		};
		615CFB4419B04459007E3574 /* Debug */ = {
			isa = XCBuildConfiguration;
			buildSettings = {
				BUNDLE_LOADER = "$(BUILT_PRODUCTS_DIR)/JewelryTradePlateform.app/JewelryTradePlateform";
				FRAMEWORK_SEARCH_PATHS = (
					"$(SDKROOT)/Developer/Library/Frameworks",
					"$(inherited)",
					"$(DEVELOPER_FRAMEWORKS_DIR)",
				);
				GCC_PRECOMPILE_PREFIX_HEADER = YES;
				GCC_PREFIX_HEADER = "JewelryTradePlateform/JewelryTradePlateform-Prefix.pch";
				GCC_PREPROCESSOR_DEFINITIONS = (
					"DEBUG=1",
					"$(inherited)",
				);
				INFOPLIST_FILE = "JewelryTradePlateformTests/JewelryTradePlateformTests-Info.plist";
				PRODUCT_NAME = "$(TARGET_NAME)";
				TEST_HOST = "$(BUNDLE_LOADER)";
				WRAPPER_EXTENSION = xctest;
			};
			name = Debug;
		};
		615CFB4519B04459007E3574 /* Release */ = {
			isa = XCBuildConfiguration;
			buildSettings = {
				BUNDLE_LOADER = "$(BUILT_PRODUCTS_DIR)/JewelryTradePlateform.app/JewelryTradePlateform";
				FRAMEWORK_SEARCH_PATHS = (
					"$(SDKROOT)/Developer/Library/Frameworks",
					"$(inherited)",
					"$(DEVELOPER_FRAMEWORKS_DIR)",
				);
				GCC_PRECOMPILE_PREFIX_HEADER = YES;
				GCC_PREFIX_HEADER = "JewelryTradePlateform/JewelryTradePlateform-Prefix.pch";
				INFOPLIST_FILE = "JewelryTradePlateformTests/JewelryTradePlateformTests-Info.plist";
				PRODUCT_NAME = "$(TARGET_NAME)";
				TEST_HOST = "$(BUNDLE_LOADER)";
				WRAPPER_EXTENSION = xctest;
			};
			name = Release;
		};
/* End XCBuildConfiguration section */

/* Begin XCConfigurationList section */
		615CFB0F19B04458007E3574 /* Build configuration list for PBXProject "JewelryTradePlateform" */ = {
			isa = XCConfigurationList;
			buildConfigurations = (
				615CFB3E19B04459007E3574 /* Debug */,
				615CFB3F19B04459007E3574 /* Release */,
			);
			defaultConfigurationIsVisible = 0;
			defaultConfigurationName = Release;
		};
		615CFB4019B04459007E3574 /* Build configuration list for PBXNativeTarget "JewelryTradePlateform" */ = {
			isa = XCConfigurationList;
			buildConfigurations = (
				615CFB4119B04459007E3574 /* Debug */,
				615CFB4219B04459007E3574 /* Release */,
			);
			defaultConfigurationIsVisible = 0;
			defaultConfigurationName = Release;
		};
		615CFB4319B04459007E3574 /* Build configuration list for PBXNativeTarget "JewelryTradePlateformTests" */ = {
			isa = XCConfigurationList;
			buildConfigurations = (
				615CFB4419B04459007E3574 /* Debug */,
				615CFB4519B04459007E3574 /* Release */,
			);
			defaultConfigurationIsVisible = 0;
			defaultConfigurationName = Release;
		};
/* End XCConfigurationList section */
	};
	rootObject = 615CFB0C19B04458007E3574 /* Project object */;
}
